
Microsoft Visual Studio Solution File, Format Version 12.00
# Visual Studio Version 17
VisualStudioVersion = 17.11.35017.193
MinimumVisualStudioVersion = 10.0.40219.1
Project("{FAE04EC0-301F-11D3-BF4B-00C04F79EFBC}") = "TaskProject", "TaskProject.csproj", "{6243F105-C18C-49A4-BEC2-322CE8775E83}"
EndProject
Global
	GlobalSection(SolutionConfigurationPlatforms) = preSolution
		Debug|Any CPU = Debug|Any CPU
		Release|Any CPU = Release|Any CPU
	EndGlobalSection
	GlobalSection(ProjectConfigurationPlatforms) = postSolution
		{6243F105-C18C-49A4-BEC2-322CE8775E83}.Debug|Any CPU.ActiveCfg = Debug|Any CPU
		{6243F105-C18C-49A4-BEC2-322CE8775E83}.Debug|Any CPU.Build.0 = Debug|Any CPU
		{6243F105-C18C-49A4-BEC2-322CE8775E83}.Release|Any CPU.ActiveCfg = Release|Any CPU
		{6243F105-C18C-49A4-BEC2-322CE8775E83}.Release|Any CPU.Build.0 = Release|Any CPU
	EndGlobalSection
	GlobalSection(SolutionProperties) = preSolution
		HideSolutionNode = FALSE
	EndGlobalSection
	GlobalSection(ExtensibilityGlobals) = postSolution
		SolutionGuid = {2535D0C2-B25D-4436-A683-CF9B93BFF886}
	EndGlobalSection
EndGlobal
